
Microsoft Visual Studio Solution File, Format Version 12.00
# Visual Studio Version 16
VisualStudioVersion = 16.0.30413.136
MinimumVisualStudioVersion = 10.0.40219.1
Project("{FAE04EC0-301F-11D3-BF4B-00C04F79EFBC}") = "BBLangExtender", "BBLangExtender\BBLangExtender.csproj", "{532E8641-ED99-44A6-A18C-BF779D191DE1}"
EndProject
Global
	GlobalSection(SolutionConfigurationPlatforms) = preSolution
		Debug|Any CPU = Debug|Any CPU
		Release|Any CPU = Release|Any CPU
	EndGlobalSection
	GlobalSection(ProjectConfigurationPlatforms) = postSolution
		{532E8641-ED99-44A6-A18C-BF779D191DE1}.Debug|Any CPU.ActiveCfg = Debug|Any CPU
		{532E8641-ED99-44A6-A18C-BF779D191DE1}.Debug|Any CPU.Build.0 = Debug|Any CPU
		{532E8641-ED99-44A6-A18C-BF779D191DE1}.Release|Any CPU.ActiveCfg = Release|Any CPU
		{532E8641-ED99-44A6-A18C-BF779D191DE1}.Release|Any CPU.Build.0 = Release|Any CPU
	EndGlobalSection
	GlobalSection(SolutionProperties) = preSolution
		HideSolutionNode = FALSE
	EndGlobalSection
	GlobalSection(ExtensibilityGlobals) = postSolution
		SolutionGuid = {72DF18F3-7D99-412E-AC67-8F0818C6FDBB}
	EndGlobalSection
EndGlobal
